
Microsoft Visual Studio Solution File, Format Version 12.00
# Visual Studio Version 16
VisualStudioVersion = 16.0.34301.259
MinimumVisualStudioVersion = 10.0.40219.1
Project("{8BC9CEB8-8B4A-11D0-8D11-00A0C91BC942}") = "REG", "REG\REG.vcxproj", "{27580A68-B83E-4558-A6A6-72C87BA5E1ED}"
EndProject
Global
	GlobalSection(SolutionConfigurationPlatforms) = preSolution
		Debug|x64 = Debug|x64
		Debug|x86 = Debug|x86
		Release|x64 = Release|x64
		Release|x86 = Release|x86
	EndGlobalSection
	GlobalSection(ProjectConfigurationPlatforms) = postSolution
		{27580A68-B83E-4558-A6A6-72C87BA5E1ED}.Debug|x64.ActiveCfg = Debug|x64
		{27580A68-B83E-4558-A6A6-72C87BA5E1ED}.Debug|x64.Build.0 = Debug|x64
		{27580A68-B83E-4558-A6A6-72C87BA5E1ED}.Debug|x86.ActiveCfg = Debug|Win32
		{27580A68-B83E-4558-A6A6-72C87BA5E1ED}.Debug|x86.Build.0 = Debug|Win32
		{27580A68-B83E-4558-A6A6-72C87BA5E1ED}.Release|x64.ActiveCfg = Release|x64
		{27580A68-B83E-4558-A6A6-72C87BA5E1ED}.Release|x64.Build.0 = Release|x64
		{27580A68-B83E-4558-A6A6-72C87BA5E1ED}.Release|x86.ActiveCfg = Release|Win32
		{27580A68-B83E-4558-A6A6-72C87BA5E1ED}.Release|x86.Build.0 = Release|Win32
	EndGlobalSection
	GlobalSection(SolutionProperties) = preSolution
		HideSolutionNode = FALSE
	EndGlobalSection
	GlobalSection(ExtensibilityGlobals) = postSolution
		SolutionGuid = {3B3B4CD6-56F7-4898-AC7D-5C2BC4CAD7F8}
	EndGlobalSection
EndGlobal
